// !$*UTF8*$!
{
	archiveVersion = 1;
	classes = {
	};
	objectVersion = 46;
	objects = {

/* Begin PBXBuildFile section */
		425FC9051DDDFB0E00238440 /* Run_Swift_Script.m in Sources */ = {isa = PBXBuildFile; fileRef = 425FC9041DDDFB0E00238440 /* Run_Swift_Script.m */; };
		425FC9081DDDFB0E00238440 /* main.xib in Resources */ = {isa = PBXBuildFile; fileRef = 425FC9061DDDFB0E00238440 /* main.xib */; };
		425FC90C1DDDFB0E00238440 /* InfoPlist.strings in Resources */ = {isa = PBXBuildFile; fileRef = 425FC90A1DDDFB0E00238440 /* InfoPlist.strings */; };
/* End PBXBuildFile section */

/* Begin PBXFileReference section */
		425FC9001DDDFB0E00238440 /* Run Swift Script.action */ = {isa = PBXFileReference; explicitFileType = wrapper.cfbundle; includeInIndex = 0; path = "Run Swift Script.action"; sourceTree = BUILT_PRODUCTS_DIR; };
		425FC9031DDDFB0E00238440 /* Run_Swift_Script.h */ = {isa = PBXFileReference; lastKnownFileType = sourcecode.c.h; path = Run_Swift_Script.h; sourceTree = "<group>"; };
		425FC9041DDDFB0E00238440 /* Run_Swift_Script.m */ = {isa = PBXFileReference; lastKnownFileType = sourcecode.c.objc; path = Run_Swift_Script.m; sourceTree = "<group>"; };
		425FC9071DDDFB0E00238440 /* Base */ = {isa = PBXFileReference; lastKnownFileType = file.xib; name = Base; path = Base.lproj/main.xib; sourceTree = "<group>"; };
		425FC9091DDDFB0E00238440 /* Info.plist */ = {isa = PBXFileReference; lastKnownFileType = text.plist.xml; path = Info.plist; sourceTree = "<group>"; };
		425FC90B1DDDFB0E00238440 /* en */ = {isa = PBXFileReference; lastKnownFileType = text.plist.strings; name = en; path = en.lproj/InfoPlist.strings; sourceTree = "<group>"; };
/* End PBXFileReference section */

/* Begin PBXFrameworksBuildPhase section */
		425FC8FC1DDDFB0E00238440 /* Frameworks */ = {
			isa = PBXFrameworksBuildPhase;
			buildActionMask = 2147483647;
			files = (
			);
			runOnlyForDeploymentPostprocessing = 0;
		};
/* End PBXFrameworksBuildPhase section */

/* Begin PBXGroup section */
		425FC8F61DDDFB0E00238440 = {
			isa = PBXGroup;
			children = (
				425FC9021DDDFB0E00238440 /* Run Swift Script */,
				425FC9011DDDFB0E00238440 /* Products */,
			);
			sourceTree = "<group>";
		};
		425FC9011DDDFB0E00238440 /* Products */ = {
			isa = PBXGroup;
			children = (
				425FC9001DDDFB0E00238440 /* Run Swift Script.action */,
			);
			name = Products;
			sourceTree = "<group>";
		};
		425FC9021DDDFB0E00238440 /* Run Swift Script */ = {
			isa = PBXGroup;
			children = (
				425FC9031DDDFB0E00238440 /* Run_Swift_Script.h */,
				425FC9041DDDFB0E00238440 /* Run_Swift_Script.m */,
				425FC9061DDDFB0E00238440 /* main.xib */,
				425FC9091DDDFB0E00238440 /* Info.plist */,
				425FC90A1DDDFB0E00238440 /* InfoPlist.strings */,
			);
			path = "Run Swift Script";
			sourceTree = "<group>";
		};
/* End PBXGroup section */

/* Begin PBXNativeTarget section */
		425FC8FF1DDDFB0E00238440 /* Run Swift Script */ = {
			isa = PBXNativeTarget;
			buildConfigurationList = 425FC90F1DDDFB0E00238440 /* Build configuration list for PBXNativeTarget "Run Swift Script" */;
			buildPhases = (
				425FC8FB1DDDFB0E00238440 /* Sources */,
				425FC8FC1DDDFB0E00238440 /* Frameworks */,
				425FC8FD1DDDFB0E00238440 /* Resources */,
				425FC8FE1DDDFB0E00238440 /* ShellScript */,
			);
			buildRules = (
			);
			dependencies = (
			);
			name = "Run Swift Script";
			productName = "Run Swift Script";
			productReference = 425FC9001DDDFB0E00238440 /* Run Swift Script.action */;
			productType = "com.apple.product-type.bundle";
		};
/* End PBXNativeTarget section */

/* Begin PBXProject section */
		425FC8F71DDDFB0E00238440 /* Project object */ = {
			isa = PBXProject;
			attributes = {
				LastUpgradeCheck = 0810;
				ORGANIZATIONNAME = FelixGrabowski;
				TargetAttributes = {
					425FC8FF1DDDFB0E00238440 = {
						CreatedOnToolsVersion = 8.1;
						DevelopmentTeam = RH89HEC84R;
						ProvisioningStyle = Automatic;
					};
				};
			};
			buildConfigurationList = 425FC8FA1DDDFB0E00238440 /* Build configuration list for PBXProject "Run Swift Script" */;
			compatibilityVersion = "Xcode 3.2";
			developmentRegion = English;
			hasScannedForEncodings = 0;
			knownRegions = (
				en,
				Base,
			);
			mainGroup = 425FC8F61DDDFB0E00238440;
			productRefGroup = 425FC9011DDDFB0E00238440 /* Products */;
			projectDirPath = "";
			projectRoot = "";
			targets = (
				425FC8FF1DDDFB0E00238440 /* Run Swift Script */,
			);
		};
/* End PBXProject section */

/* Begin PBXResourcesBuildPhase section */
		425FC8FD1DDDFB0E00238440 /* Resources */ = {
			isa = PBXResourcesBuildPhase;
			buildActionMask = 2147483647;
			files = (
				425FC9081DDDFB0E00238440 /* main.xib in Resources */,
				425FC90C1DDDFB0E00238440 /* InfoPlist.strings in Resources */,
			);
			runOnlyForDeploymentPostprocessing = 0;
		};
/* End PBXResourcesBuildPhase section */

/* Begin PBXShellScriptBuildPhase section */
		425FC8FE1DDDFB0E00238440 /* ShellScript */ = {
			isa = PBXShellScriptBuildPhase;
			buildActionMask = 2147483647;
			files = (
			);
			inputPaths = (
			);
			outputPaths = (
			);
			runOnlyForDeploymentPostprocessing = 0;
			shellPath = /bin/sh;
			shellScript = "amlint \"${BUILT_PRODUCTS_DIR}/${FULL_PRODUCT_NAME}\"";
		};
/* End PBXShellScriptBuildPhase section */

/* Begin PBXSourcesBuildPhase section */
		425FC8FB1DDDFB0E00238440 /* Sources */ = {
			isa = PBXSourcesBuildPhase;
			buildActionMask = 2147483647;
			files = (
				425FC9051DDDFB0E00238440 /* Run_Swift_Script.m in Sources */,
			);
			runOnlyForDeploymentPostprocessing = 0;
		};
/* End PBXSourcesBuildPhase section */

/* Begin PBXVariantGroup section */
		425FC9061DDDFB0E00238440 /* main.xib */ = {
			isa = PBXVariantGroup;
			children = (
				425FC9071DDDFB0E00238440 /* Base */,
			);
			name = main.xib;
			sourceTree = "<group>";
		};
		425FC90A1DDDFB0E00238440 /* InfoPlist.strings */ = {
			isa = PBXVariantGroup;
			children = (
				425FC90B1DDDFB0E00238440 /* en */,
			);
			name = InfoPlist.strings;
			sourceTree = "<group>";
		};
/* End PBXVariantGroup section */

/* Begin XCBuildConfiguration section */
		425FC90D1DDDFB0E00238440 /* Debug */ = {
			isa = XCBuildConfiguration;
			buildSettings = {
				ALWAYS_SEARCH_USER_PATHS = NO;
				CLANG_ANALYZER_NONNULL = YES;
				CLANG_CXX_LANGUAGE_STANDARD = "gnu++0x";
				CLANG_CXX_LIBRARY = "libc++";
				CLANG_ENABLE_MODULES = YES;
				CLANG_ENABLE_OBJC_ARC = YES;
				CLANG_WARN_BOOL_CONVERSION = YES;
				CLANG_WARN_CONSTANT_CONVERSION = YES;
				CLANG_WARN_DIRECT_OBJC_ISA_USAGE = YES_ERROR;
				CLANG_WARN_DOCUMENTATION_COMMENTS = YES;
				CLANG_WARN_EMPTY_BODY = YES;
				CLANG_WARN_ENUM_CONVERSION = YES;
				CLANG_WARN_INFINITE_RECURSION = YES;
				CLANG_WARN_INT_CONVERSION = YES;
				CLANG_WARN_OBJC_ROOT_CLASS = YES_ERROR;
				CLANG_WARN_SUSPICIOUS_MOVES = YES;
				CLANG_WARN_UNREACHABLE_CODE = YES;
				CLANG_WARN__DUPLICATE_METHOD_MATCH = YES;
				CODE_SIGN_IDENTITY = "-";
				COPY_PHASE_STRIP = NO;
				DEBUG_INFORMATION_FORMAT = dwarf;
				ENABLE_STRICT_OBJC_MSGSEND = YES;
				ENABLE_TESTABILITY = YES;
				GCC_C_LANGUAGE_STANDARD = gnu99;
				GCC_DYNAMIC_NO_PIC = NO;
				GCC_NO_COMMON_BLOCKS = YES;
				GCC_OPTIMIZATION_LEVEL = 0;
				GCC_PREPROCESSOR_DEFINITIONS = (
					"DEBUG=1",
					"$(inherited)",
				);
				GCC_WARN_64_TO_32_BIT_CONVERSION = YES;
				GCC_WARN_ABOUT_RETURN_TYPE = YES_ERROR;
				GCC_WARN_UNDECLARED_SELECTOR = YES;
				GCC_WARN_UNINITIALIZED_AUTOS = YES_AGGRESSIVE;
				GCC_WARN_UNUSED_FUNCTION = YES;
				GCC_WARN_UNUSED_VARIABLE = YES;
				MACOSX_DEPLOYMENT_TARGET = 10.12;
				MTL_ENABLE_DEBUG_INFO = YES;
				ONLY_ACTIVE_ARCH = YES;
				SDKROOT = macosx;
			};
			name = Debug;
		};
		425FC90E1DDDFB0E00238440 /* Release */ = {
			isa = XCBuildConfiguration;
			buildSettings = {
				ALWAYS_SEARCH_USER_PATHS = NO;
				CLANG_ANALYZER_NONNULL = YES;
				CLANG_CXX_LANGUAGE_STANDARD = "gnu++0x";
				CLANG_CXX_LIBRARY = "libc++";
				CLANG_ENABLE_MODULES = YES;
				CLANG_ENABLE_OBJC_ARC = YES;
				CLANG_WARN_BOOL_CONVERSION = YES;
				CLANG_WARN_CONSTANT_CONVERSION = YES;
				CLANG_WARN_DIRECT_OBJC_ISA_USAGE = YES_ERROR;
				CLANG_WARN_DOCUMENTATION_COMMENTS = YES;
				CLANG_WARN_EMPTY_BODY = YES;
				CLANG_WARN_ENUM_CONVERSION = YES;
				CLANG_WARN_INFINITE_RECURSION = YES;
				CLANG_WARN_INT_CONVERSION = YES;
				CLANG_WARN_OBJC_ROOT_CLASS = YES_ERROR;
				CLANG_WARN_SUSPICIOUS_MOVES = YES;
				CLANG_WARN_UNREACHABLE_CODE = YES;
				CLANG_WARN__DUPLICATE_METHOD_MATCH = YES;
				CODE_SIGN_IDENTITY = "-";
				COPY_PHASE_STRIP = NO;
				DEBUG_INFORMATION_FORMAT = "dwarf-with-dsym";
				ENABLE_NS_ASSERTIONS = NO;
				ENABLE_STRICT_OBJC_MSGSEND = YES;
				GCC_C_LANGUAGE_STANDARD = gnu99;
				GCC_NO_COMMON_BLOCKS = YES;
				GCC_WARN_64_TO_32_BIT_CONVERSION = YES;
				GCC_WARN_ABOUT_RETURN_TYPE = YES_ERROR;
				GCC_WARN_UNDECLARED_SELECTOR = YES;
				GCC_WARN_UNINITIALIZED_AUTOS = YES_AGGRESSIVE;
				GCC_WARN_UNUSED_FUNCTION = YES;
				GCC_WARN_UNUSED_VARIABLE = YES;
				MACOSX_DEPLOYMENT_TARGET = 10.12;
				MTL_ENABLE_DEBUG_INFO = NO;
				SDKROOT = macosx;
			};
			name = Release;
		};
		425FC9101DDDFB0E00238440 /* Debug */ = {
			isa = XCBuildConfiguration;
			buildSettings = {
				COMBINE_HIDPI_IMAGES = YES;
				DEVELOPMENT_TEAM = RH89HEC84R;
				INFOPLIST_FILE = "Run Swift Script/Info.plist";
				INSTALL_PATH = "$(HOME)/Library/Automator";
				OTHER_OSAFLAGS = "-x -t 0 -c 0";
				PRODUCT_BUNDLE_IDENTIFIER = "com.felixgrabowski.Run-Swift-Script";
				PRODUCT_NAME = "$(TARGET_NAME)";
				WRAPPER_EXTENSION = action;
			};
			name = Debug;
		};
		425FC9111DDDFB0E00238440 /* Release */ = {
			isa = XCBuildConfiguration;
			buildSettings = {
				COMBINE_HIDPI_IMAGES = YES;
				DEVELOPMENT_TEAM = RH89HEC84R;
				INFOPLIST_FILE = "Run Swift Script/Info.plist";
				INSTALL_PATH = "$(HOME)/Library/Automator";
				OTHER_OSAFLAGS = "-x -t 0 -c 0";
				PRODUCT_BUNDLE_IDENTIFIER = "com.felixgrabowski.Run-Swift-Script";
				PRODUCT_NAME = "$(TARGET_NAME)";
				WRAPPER_EXTENSION = action;
			};
			name = Release;
		};
/* End XCBuildConfiguration section */

/* Begin XCConfigurationList section */
		425FC8FA1DDDFB0E00238440 /* Build configuration list for PBXProject "Run Swift Script" */ = {
			isa = XCConfigurationList;
			buildConfigurations = (
				425FC90D1DDDFB0E00238440 /* Debug */,
				425FC90E1DDDFB0E00238440 /* Release */,
			);
			defaultConfigurationIsVisible = 0;
			defaultConfigurationName = Release;
		};
		425FC90F1DDDFB0E00238440 /* Build configuration list for PBXNativeTarget "Run Swift Script" */ = {
			isa = XCConfigurationList;
			buildConfigurations = (
				425FC9101DDDFB0E00238440 /* Debug */,
				425FC9111DDDFB0E00238440 /* Release */,
			);
			defaultConfigurationIsVisible = 0;
		};
/* End XCConfigurationList section */
	};
	rootObject = 425FC8F71DDDFB0E00238440 /* Project object */;
}
